
Microsoft Visual Studio Solution File, Format Version 12.00
# Visual Studio Version 17
VisualStudioVersion = 17.0.31903.59
MinimumVisualStudioVersion = 10.0.40219.1
Project("{2150E333-8FDC-42A3-9474-1A3956D46DE8}") = "src", "src", "{827E0CD3-B72D-47B6-A68D-7590B98EB39B}"
EndProject
Project("{FAE04EC0-301F-11D3-BF4B-00C04F79EFBC}") = "CarRental.Application", "src\CarRental.Application\CarRental.Application.csproj", "{3A5D68AA-23C3-4F8A-A6ED-9674547CF7AE}"
EndProject
Project("{FAE04EC0-301F-11D3-BF4B-00C04F79EFBC}") = "CarRental.Domain", "src\CarRental.Domain\CarRental.Domain.csproj", "{B98807B7-C3E2-428D-A6BE-1F8BF2E4C70E}"
EndProject
Project("{FAE04EC0-301F-11D3-BF4B-00C04F79EFBC}") = "CarRental.Infrastructure", "src\CarRental.Infrastructure\CarRental.Infrastructure.csproj", "{0D6E2F42-DC9B-4916-9AC9-C6941E0EFAE0}"
EndProject
Project("{FAE04EC0-301F-11D3-BF4B-00C04F79EFBC}") = "CarRental.Web", "src\CarRental.Web\CarRental.Web.csproj", "{9B1B8FFC-05A4-4247-BB0E-796C560D0822}"
EndProject
Project("{2150E333-8FDC-42A3-9474-1A3956D46DE8}") = "tests", "tests", "{0AB3BF05-4346-4AA6-1389-037BE0695223}"
EndProject
Project("{FAE04EC0-301F-11D3-BF4B-00C04F79EFBC}") = "CarRental.Application.Tests", "tests\CarRental.Application.Tests\CarRental.Application.Tests.csproj", "{9866A5B5-1084-49D5-AC59-E69F4A83A936}"
EndProject
Project("{FAE04EC0-301F-11D3-BF4B-00C04F79EFBC}") = "CarRental.Domain.Tests", "tests\CarRental.Domain.Tests\CarRental.Domain.Tests.csproj", "{9942A2AF-52B4-406E-941D-20F3769F0E75}"
EndProject
Project("{FAE04EC0-301F-11D3-BF4B-00C04F79EFBC}") = "CarRental.Web.IntegrationTests", "tests\CarRental.Web.IntegrationTests\CarRental.Web.IntegrationTests.csproj", "{3C907797-3625-40DB-9819-66DD92B9200C}"
EndProject
Global
	GlobalSection(SolutionConfigurationPlatforms) = preSolution
		Debug|Any CPU = Debug|Any CPU
		Debug|x64 = Debug|x64
		Debug|x86 = Debug|x86
		Release|Any CPU = Release|Any CPU
		Release|x64 = Release|x64
		Release|x86 = Release|x86
	EndGlobalSection
	GlobalSection(ProjectConfigurationPlatforms) = postSolution
		{3A5D68AA-23C3-4F8A-A6ED-9674547CF7AE}.Debug|Any CPU.ActiveCfg = Debug|Any CPU
		{3A5D68AA-23C3-4F8A-A6ED-9674547CF7AE}.Debug|Any CPU.Build.0 = Debug|Any CPU
		{3A5D68AA-23C3-4F8A-A6ED-9674547CF7AE}.Debug|x64.ActiveCfg = Debug|Any CPU
		{3A5D68AA-23C3-4F8A-A6ED-9674547CF7AE}.Debug|x64.Build.0 = Debug|Any CPU
		{3A5D68AA-23C3-4F8A-A6ED-9674547CF7AE}.Debug|x86.ActiveCfg = Debug|Any CPU
		{3A5D68AA-23C3-4F8A-A6ED-9674547CF7AE}.Debug|x86.Build.0 = Debug|Any CPU
		{3A5D68AA-23C3-4F8A-A6ED-9674547CF7AE}.Release|Any CPU.ActiveCfg = Release|Any CPU
		{3A5D68AA-23C3-4F8A-A6ED-9674547CF7AE}.Release|Any CPU.Build.0 = Release|Any CPU
		{3A5D68AA-23C3-4F8A-A6ED-9674547CF7AE}.Release|x64.ActiveCfg = Release|Any CPU
		{3A5D68AA-23C3-4F8A-A6ED-9674547CF7AE}.Release|x64.Build.0 = Release|Any CPU
		{3A5D68AA-23C3-4F8A-A6ED-9674547CF7AE}.Release|x86.ActiveCfg = Release|Any CPU
		{3A5D68AA-23C3-4F8A-A6ED-9674547CF7AE}.Release|x86.Build.0 = Release|Any CPU
		{B98807B7-C3E2-428D-A6BE-1F8BF2E4C70E}.Debug|Any CPU.ActiveCfg = Debug|Any CPU
		{B98807B7-C3E2-428D-A6BE-1F8BF2E4C70E}.Debug|Any CPU.Build.0 = Debug|Any CPU
		{B98807B7-C3E2-428D-A6BE-1F8BF2E4C70E}.Debug|x64.ActiveCfg = Debug|Any CPU
		{B98807B7-C3E2-428D-A6BE-1F8BF2E4C70E}.Debug|x64.Build.0 = Debug|Any CPU
		{B98807B7-C3E2-428D-A6BE-1F8BF2E4C70E}.Debug|x86.ActiveCfg = Debug|Any CPU
		{B98807B7-C3E2-428D-A6BE-1F8BF2E4C70E}.Debug|x86.Build.0 = Debug|Any CPU
		{B98807B7-C3E2-428D-A6BE-1F8BF2E4C70E}.Release|Any CPU.ActiveCfg = Release|Any CPU
		{B98807B7-C3E2-428D-A6BE-1F8BF2E4C70E}.Release|Any CPU.Build.0 = Release|Any CPU
		{B98807B7-C3E2-428D-A6BE-1F8BF2E4C70E}.Release|x64.ActiveCfg = Release|Any CPU
		{B98807B7-C3E2-428D-A6BE-1F8BF2E4C70E}.Release|x64.Build.0 = Release|Any CPU
		{B98807B7-C3E2-428D-A6BE-1F8BF2E4C70E}.Release|x86.ActiveCfg = Release|Any CPU
		{B98807B7-C3E2-428D-A6BE-1F8BF2E4C70E}.Release|x86.Build.0 = Release|Any CPU
		{0D6E2F42-DC9B-4916-9AC9-C6941E0EFAE0}.Debug|Any CPU.ActiveCfg = Debug|Any CPU
		{0D6E2F42-DC9B-4916-9AC9-C6941E0EFAE0}.Debug|Any CPU.Build.0 = Debug|Any CPU
		{0D6E2F42-DC9B-4916-9AC9-C6941E0EFAE0}.Debug|x64.ActiveCfg = Debug|Any CPU
		{0D6E2F42-DC9B-4916-9AC9-C6941E0EFAE0}.Debug|x64.Build.0 = Debug|Any CPU
		{0D6E2F42-DC9B-4916-9AC9-C6941E0EFAE0}.Debug|x86.ActiveCfg = Debug|Any CPU
		{0D6E2F42-DC9B-4916-9AC9-C6941E0EFAE0}.Debug|x86.Build.0 = Debug|Any CPU
		{0D6E2F42-DC9B-4916-9AC9-C6941E0EFAE0}.Release|Any CPU.ActiveCfg = Release|Any CPU
		{0D6E2F42-DC9B-4916-9AC9-C6941E0EFAE0}.Release|Any CPU.Build.0 = Release|Any CPU
		{0D6E2F42-DC9B-4916-9AC9-C6941E0EFAE0}.Release|x64.ActiveCfg = Release|Any CPU
		{0D6E2F42-DC9B-4916-9AC9-C6941E0EFAE0}.Release|x64.Build.0 = Release|Any CPU
		{0D6E2F42-DC9B-4916-9AC9-C6941E0EFAE0}.Release|x86.ActiveCfg = Release|Any CPU
		{0D6E2F42-DC9B-4916-9AC9-C6941E0EFAE0}.Release|x86.Build.0 = Release|Any CPU
		{9B1B8FFC-05A4-4247-BB0E-796C560D0822}.Debug|Any CPU.ActiveCfg = Debug|Any CPU
		{9B1B8FFC-05A4-4247-BB0E-796C560D0822}.Debug|Any CPU.Build.0 = Debug|Any CPU
		{9B1B8FFC-05A4-4247-BB0E-796C560D0822}.Debug|x64.ActiveCfg = Debug|Any CPU
		{9B1B8FFC-05A4-4247-BB0E-796C560D0822}.Debug|x64.Build.0 = Debug|Any CPU
		{9B1B8FFC-05A4-4247-BB0E-796C560D0822}.Debug|x86.ActiveCfg = Debug|Any CPU
		{9B1B8FFC-05A4-4247-BB0E-796C560D0822}.Debug|x86.Build.0 = Debug|Any CPU
		{9B1B8FFC-05A4-4247-BB0E-796C560D0822}.Release|Any CPU.ActiveCfg = Release|Any CPU
		{9B1B8FFC-05A4-4247-BB0E-796C560D0822}.Release|Any CPU.Build.0 = Release|Any CPU
		{9B1B8FFC-05A4-4247-BB0E-796C560D0822}.Release|x64.ActiveCfg = Release|Any CPU
		{9B1B8FFC-05A4-4247-BB0E-796C560D0822}.Release|x64.Build.0 = Release|Any CPU
		{9B1B8FFC-05A4-4247-BB0E-796C560D0822}.Release|x86.ActiveCfg = Release|Any CPU
		{9B1B8FFC-05A4-4247-BB0E-796C560D0822}.Release|x86.Build.0 = Release|Any CPU
		{9866A5B5-1084-49D5-AC59-E69F4A83A936}.Debug|Any CPU.ActiveCfg = Debug|Any CPU
		{9866A5B5-1084-49D5-AC59-E69F4A83A936}.Debug|Any CPU.Build.0 = Debug|Any CPU
		{9866A5B5-1084-49D5-AC59-E69F4A83A936}.Debug|x64.ActiveCfg = Debug|Any CPU
		{9866A5B5-1084-49D5-AC59-E69F4A83A936}.Debug|x64.Build.0 = Debug|Any CPU
		{9866A5B5-1084-49D5-AC59-E69F4A83A936}.Debug|x86.ActiveCfg = Debug|Any CPU
		{9866A5B5-1084-49D5-AC59-E69F4A83A936}.Debug|x86.Build.0 = Debug|Any CPU
		{9866A5B5-1084-49D5-AC59-E69F4A83A936}.Release|Any CPU.ActiveCfg = Release|Any CPU
		{9866A5B5-1084-49D5-AC59-E69F4A83A936}.Release|Any CPU.Build.0 = Release|Any CPU
		{9866A5B5-1084-49D5-AC59-E69F4A83A936}.Release|x64.ActiveCfg = Release|Any CPU
		{9866A5B5-1084-49D5-AC59-E69F4A83A936}.Release|x64.Build.0 = Release|Any CPU
		{9866A5B5-1084-49D5-AC59-E69F4A83A936}.Release|x86.ActiveCfg = Release|Any CPU
		{9866A5B5-1084-49D5-AC59-E69F4A83A936}.Release|x86.Build.0 = Release|Any CPU
		{9942A2AF-52B4-406E-941D-20F3769F0E75}.Debug|Any CPU.ActiveCfg = Debug|Any CPU
		{9942A2AF-52B4-406E-941D-20F3769F0E75}.Debug|Any CPU.Build.0 = Debug|Any CPU
		{9942A2AF-52B4-406E-941D-20F3769F0E75}.Debug|x64.ActiveCfg = Debug|Any CPU
		{9942A2AF-52B4-406E-941D-20F3769F0E75}.Debug|x64.Build.0 = Debug|Any CPU
		{9942A2AF-52B4-406E-941D-20F3769F0E75}.Debug|x86.ActiveCfg = Debug|Any CPU
		{9942A2AF-52B4-406E-941D-20F3769F0E75}.Debug|x86.Build.0 = Debug|Any CPU
		{9942A2AF-52B4-406E-941D-20F3769F0E75}.Release|Any CPU.ActiveCfg = Release|Any CPU
		{9942A2AF-52B4-406E-941D-20F3769F0E75}.Release|Any CPU.Build.0 = Release|Any CPU
		{9942A2AF-52B4-406E-941D-20F3769F0E75}.Release|x64.ActiveCfg = Release|Any CPU
		{9942A2AF-52B4-406E-941D-20F3769F0E75}.Release|x64.Build.0 = Release|Any CPU
		{9942A2AF-52B4-406E-941D-20F3769F0E75}.Release|x86.ActiveCfg = Release|Any CPU
		{9942A2AF-52B4-406E-941D-20F3769F0E75}.Release|x86.Build.0 = Release|Any CPU
		{3C907797-3625-40DB-9819-66DD92B9200C}.Debug|Any CPU.ActiveCfg = Debug|Any CPU
		{3C907797-3625-40DB-9819-66DD92B9200C}.Debug|Any CPU.Build.0 = Debug|Any CPU
		{3C907797-3625-40DB-9819-66DD92B9200C}.Debug|x64.ActiveCfg = Debug|Any CPU
		{3C907797-3625-40DB-9819-66DD92B9200C}.Debug|x64.Build.0 = Debug|Any CPU
		{3C907797-3625-40DB-9819-66DD92B9200C}.Debug|x86.ActiveCfg = Debug|Any CPU
		{3C907797-3625-40DB-9819-66DD92B9200C}.Debug|x86.Build.0 = Debug|Any CPU
		{3C907797-3625-40DB-9819-66DD92B9200C}.Release|Any CPU.ActiveCfg = Release|Any CPU
		{3C907797-3625-40DB-9819-66DD92B9200C}.Release|Any CPU.Build.0 = Release|Any CPU
		{3C907797-3625-40DB-9819-66DD92B9200C}.Release|x64.ActiveCfg = Release|Any CPU
		{3C907797-3625-40DB-9819-66DD92B9200C}.Release|x64.Build.0 = Release|Any CPU
		{3C907797-3625-40DB-9819-66DD92B9200C}.Release|x86.ActiveCfg = Release|Any CPU
		{3C907797-3625-40DB-9819-66DD92B9200C}.Release|x86.Build.0 = Release|Any CPU
	EndGlobalSection
	GlobalSection(SolutionProperties) = preSolution
		HideSolutionNode = FALSE
	EndGlobalSection
	GlobalSection(NestedProjects) = preSolution
		{3A5D68AA-23C3-4F8A-A6ED-9674547CF7AE} = {827E0CD3-B72D-47B6-A68D-7590B98EB39B}
		{B98807B7-C3E2-428D-A6BE-1F8BF2E4C70E} = {827E0CD3-B72D-47B6-A68D-7590B98EB39B}
		{0D6E2F42-DC9B-4916-9AC9-C6941E0EFAE0} = {827E0CD3-B72D-47B6-A68D-7590B98EB39B}
		{9B1B8FFC-05A4-4247-BB0E-796C560D0822} = {827E0CD3-B72D-47B6-A68D-7590B98EB39B}
		{9866A5B5-1084-49D5-AC59-E69F4A83A936} = {0AB3BF05-4346-4AA6-1389-037BE0695223}
		{9942A2AF-52B4-406E-941D-20F3769F0E75} = {0AB3BF05-4346-4AA6-1389-037BE0695223}
		{3C907797-3625-40DB-9819-66DD92B9200C} = {0AB3BF05-4346-4AA6-1389-037BE0695223}
	EndGlobalSection
EndGlobal
